
Microsoft Visual Studio Solution File, Format Version 12.00
# Visual Studio Version 17
VisualStudioVersion = 17.7.34202.233
MinimumVisualStudioVersion = 10.0.40219.1
Project("{FAE04EC0-301F-11D3-BF4B-00C04F79EFBC}") = "TimeOnlineApp", "TimeOnlineApp\TimeOnlineApp.csproj", "{BA31FC39-3CA7-48F6-83B1-5A228E64CDEB}"
EndProject
Global
	GlobalSection(SolutionConfigurationPlatforms) = preSolution
		Debug|Any CPU = Debug|Any CPU
		Release|Any CPU = Release|Any CPU
	EndGlobalSection
	GlobalSection(ProjectConfigurationPlatforms) = postSolution
		{BA31FC39-3CA7-48F6-83B1-5A228E64CDEB}.Debug|Any CPU.ActiveCfg = Debug|Any CPU
		{BA31FC39-3CA7-48F6-83B1-5A228E64CDEB}.Debug|Any CPU.Build.0 = Debug|Any CPU
		{BA31FC39-3CA7-48F6-83B1-5A228E64CDEB}.Release|Any CPU.ActiveCfg = Release|Any CPU
		{BA31FC39-3CA7-48F6-83B1-5A228E64CDEB}.Release|Any CPU.Build.0 = Release|Any CPU
	EndGlobalSection
	GlobalSection(SolutionProperties) = preSolution
		HideSolutionNode = FALSE
	EndGlobalSection
	GlobalSection(ExtensibilityGlobals) = postSolution
		SolutionGuid = {49417E3E-623F-43F6-8C70-6EE5037552D1}
	EndGlobalSection
EndGlobal
